
Microsoft Visual Studio Solution File, Format Version 12.00
# Visual Studio Version 17
VisualStudioVersion = 17.10.34928.147
MinimumVisualStudioVersion = 10.0.40219.1
Project("{9A19103F-16F7-4668-BE54-9A1E7A4F7556}") = "TodoApp", "TodoApp\TodoApp.csproj", "{41F7C12B-D70E-48D4-AC72-601C68A5AEEF}"
EndProject
Project("{2150E333-8FDC-42A3-9474-1A3956D46DE8}") = "Modules", "Modules", "{484CB931-4DDA-42B4-84C7-7CB6D0C4F1FB}"
EndProject
Project("{2150E333-8FDC-42A3-9474-1A3956D46DE8}") = "Common", "Common", "{29804595-E4DA-4F33-B202-37905A4E7A59}"
EndProject
Project("{9A19103F-16F7-4668-BE54-9A1E7A4F7556}") = "Modules.Common.Views", "Modules.Common.Views\Modules.Common.Views.csproj", "{23E53005-09E3-46A8-AA57-F47C51A11BEC}"
EndProject
Project("{9A19103F-16F7-4668-BE54-9A1E7A4F7556}") = "Modules.Common", "Modules.Common\Modules.Common.csproj", "{86E18762-B1C7-47A6-9BB3-9FA56D73D44B}"
EndProject
Project("{FAE04EC0-301F-11D3-BF4B-00C04F79EFBC}") = "Modules.Common.Navigation", "Modules.Common.Navigation\Modules.Common.Navigation.csproj", "{D48E7BBD-3ADD-444B-82CF-18D11A865B97}"
EndProject
Project("{2150E333-8FDC-42A3-9474-1A3956D46DE8}") = "Settings", "Settings", "{9ACF9C94-512F-4EA3-A045-621747D24322}"
EndProject
Project("{FAE04EC0-301F-11D3-BF4B-00C04F79EFBC}") = "Modules.Settings.Contracts", "Modules.Settings.Contracts\Modules.Settings.Contracts.csproj", "{B80FA5A5-AD3F-4461-8393-AD7167738EEC}"
EndProject
Project("{FAE04EC0-301F-11D3-BF4B-00C04F79EFBC}") = "Modules.Settings.Repositories", "Modules.Settings.Repositories\Modules.Settings.Repositories.csproj", "{494C6C24-E76A-4A78-B7A1-FD56F3EE86D4}"
EndProject
Project("{FAE04EC0-301F-11D3-BF4B-00C04F79EFBC}") = "Modules.Settings.Services", "Modules.Settings.Services\Modules.Settings.Services.csproj", "{EB445A1A-7555-4E66-9670-D4FF8348647C}"
EndProject
Project("{FAE04EC0-301F-11D3-BF4B-00C04F79EFBC}") = "Modules.Settings.Views", "Modules.Settings.Views\Modules.Settings.Views.csproj", "{651D6EE4-D6C8-4CA0-B329-ADFADE17A4F2}"
EndProject
Project("{2150E333-8FDC-42A3-9474-1A3956D46DE8}") = "MaterialTheme", "MaterialTheme", "{2A10821C-21D6-4BF8-8284-ED8285838A8E}"
EndProject
Project("{FAE04EC0-301F-11D3-BF4B-00C04F79EFBC}") = "Modules.MaterialTheme", "Modules.MaterialTheme\Modules.MaterialTheme.csproj", "{1B3F31E2-BF1E-48EE-A243-78C377BF3A05}"
EndProject
Project("{2150E333-8FDC-42A3-9474-1A3956D46DE8}") = "Migration", "Migration", "{EA39FB07-E78A-441F-82A3-52F239DC3999}"
EndProject
Project("{FAE04EC0-301F-11D3-BF4B-00C04F79EFBC}") = "Modules.Migration", "Modules.Migration\Modules.Migration.csproj", "{40042E54-F77B-4153-A1DC-977F7D7CE31B}"
EndProject
Global
	GlobalSection(SolutionConfigurationPlatforms) = preSolution
		Debug|Any CPU = Debug|Any CPU
		Release|Any CPU = Release|Any CPU
	EndGlobalSection
	GlobalSection(ProjectConfigurationPlatforms) = postSolution
		{41F7C12B-D70E-48D4-AC72-601C68A5AEEF}.Debug|Any CPU.ActiveCfg = Debug|Any CPU
		{41F7C12B-D70E-48D4-AC72-601C68A5AEEF}.Debug|Any CPU.Build.0 = Debug|Any CPU
		{41F7C12B-D70E-48D4-AC72-601C68A5AEEF}.Release|Any CPU.ActiveCfg = Release|Any CPU
		{41F7C12B-D70E-48D4-AC72-601C68A5AEEF}.Release|Any CPU.Build.0 = Release|Any CPU
		{23E53005-09E3-46A8-AA57-F47C51A11BEC}.Debug|Any CPU.ActiveCfg = Debug|Any CPU
		{23E53005-09E3-46A8-AA57-F47C51A11BEC}.Debug|Any CPU.Build.0 = Debug|Any CPU
		{23E53005-09E3-46A8-AA57-F47C51A11BEC}.Release|Any CPU.ActiveCfg = Release|Any CPU
		{23E53005-09E3-46A8-AA57-F47C51A11BEC}.Release|Any CPU.Build.0 = Release|Any CPU
		{86E18762-B1C7-47A6-9BB3-9FA56D73D44B}.Debug|Any CPU.ActiveCfg = Debug|Any CPU
		{86E18762-B1C7-47A6-9BB3-9FA56D73D44B}.Debug|Any CPU.Build.0 = Debug|Any CPU
		{86E18762-B1C7-47A6-9BB3-9FA56D73D44B}.Release|Any CPU.ActiveCfg = Release|Any CPU
		{86E18762-B1C7-47A6-9BB3-9FA56D73D44B}.Release|Any CPU.Build.0 = Release|Any CPU
		{D48E7BBD-3ADD-444B-82CF-18D11A865B97}.Debug|Any CPU.ActiveCfg = Debug|Any CPU
		{D48E7BBD-3ADD-444B-82CF-18D11A865B97}.Debug|Any CPU.Build.0 = Debug|Any CPU
		{D48E7BBD-3ADD-444B-82CF-18D11A865B97}.Release|Any CPU.ActiveCfg = Release|Any CPU
		{D48E7BBD-3ADD-444B-82CF-18D11A865B97}.Release|Any CPU.Build.0 = Release|Any CPU
		{B80FA5A5-AD3F-4461-8393-AD7167738EEC}.Debug|Any CPU.ActiveCfg = Debug|Any CPU
		{B80FA5A5-AD3F-4461-8393-AD7167738EEC}.Debug|Any CPU.Build.0 = Debug|Any CPU
		{B80FA5A5-AD3F-4461-8393-AD7167738EEC}.Release|Any CPU.ActiveCfg = Release|Any CPU
		{B80FA5A5-AD3F-4461-8393-AD7167738EEC}.Release|Any CPU.Build.0 = Release|Any CPU
		{494C6C24-E76A-4A78-B7A1-FD56F3EE86D4}.Debug|Any CPU.ActiveCfg = Debug|Any CPU
		{494C6C24-E76A-4A78-B7A1-FD56F3EE86D4}.Debug|Any CPU.Build.0 = Debug|Any CPU
		{494C6C24-E76A-4A78-B7A1-FD56F3EE86D4}.Release|Any CPU.ActiveCfg = Release|Any CPU
		{494C6C24-E76A-4A78-B7A1-FD56F3EE86D4}.Release|Any CPU.Build.0 = Release|Any CPU
		{EB445A1A-7555-4E66-9670-D4FF8348647C}.Debug|Any CPU.ActiveCfg = Debug|Any CPU
		{EB445A1A-7555-4E66-9670-D4FF8348647C}.Debug|Any CPU.Build.0 = Debug|Any CPU
		{EB445A1A-7555-4E66-9670-D4FF8348647C}.Release|Any CPU.ActiveCfg = Release|Any CPU
		{EB445A1A-7555-4E66-9670-D4FF8348647C}.Release|Any CPU.Build.0 = Release|Any CPU
		{651D6EE4-D6C8-4CA0-B329-ADFADE17A4F2}.Debug|Any CPU.ActiveCfg = Debug|Any CPU
		{651D6EE4-D6C8-4CA0-B329-ADFADE17A4F2}.Debug|Any CPU.Build.0 = Debug|Any CPU
		{651D6EE4-D6C8-4CA0-B329-ADFADE17A4F2}.Release|Any CPU.ActiveCfg = Release|Any CPU
		{651D6EE4-D6C8-4CA0-B329-ADFADE17A4F2}.Release|Any CPU.Build.0 = Release|Any CPU
		{1B3F31E2-BF1E-48EE-A243-78C377BF3A05}.Debug|Any CPU.ActiveCfg = Debug|Any CPU
		{1B3F31E2-BF1E-48EE-A243-78C377BF3A05}.Debug|Any CPU.Build.0 = Debug|Any CPU
		{1B3F31E2-BF1E-48EE-A243-78C377BF3A05}.Release|Any CPU.ActiveCfg = Release|Any CPU
		{1B3F31E2-BF1E-48EE-A243-78C377BF3A05}.Release|Any CPU.Build.0 = Release|Any CPU
		{40042E54-F77B-4153-A1DC-977F7D7CE31B}.Debug|Any CPU.ActiveCfg = Debug|Any CPU
		{40042E54-F77B-4153-A1DC-977F7D7CE31B}.Debug|Any CPU.Build.0 = Debug|Any CPU
		{40042E54-F77B-4153-A1DC-977F7D7CE31B}.Release|Any CPU.ActiveCfg = Release|Any CPU
		{40042E54-F77B-4153-A1DC-977F7D7CE31B}.Release|Any CPU.Build.0 = Release|Any CPU
	EndGlobalSection
	GlobalSection(SolutionProperties) = preSolution
		HideSolutionNode = FALSE
	EndGlobalSection
	GlobalSection(NestedProjects) = preSolution
		{29804595-E4DA-4F33-B202-37905A4E7A59} = {484CB931-4DDA-42B4-84C7-7CB6D0C4F1FB}
		{23E53005-09E3-46A8-AA57-F47C51A11BEC} = {29804595-E4DA-4F33-B202-37905A4E7A59}
		{86E18762-B1C7-47A6-9BB3-9FA56D73D44B} = {29804595-E4DA-4F33-B202-37905A4E7A59}
		{D48E7BBD-3ADD-444B-82CF-18D11A865B97} = {29804595-E4DA-4F33-B202-37905A4E7A59}
		{9ACF9C94-512F-4EA3-A045-621747D24322} = {484CB931-4DDA-42B4-84C7-7CB6D0C4F1FB}
		{B80FA5A5-AD3F-4461-8393-AD7167738EEC} = {9ACF9C94-512F-4EA3-A045-621747D24322}
		{494C6C24-E76A-4A78-B7A1-FD56F3EE86D4} = {9ACF9C94-512F-4EA3-A045-621747D24322}
		{EB445A1A-7555-4E66-9670-D4FF8348647C} = {9ACF9C94-512F-4EA3-A045-621747D24322}
		{651D6EE4-D6C8-4CA0-B329-ADFADE17A4F2} = {9ACF9C94-512F-4EA3-A045-621747D24322}
		{2A10821C-21D6-4BF8-8284-ED8285838A8E} = {484CB931-4DDA-42B4-84C7-7CB6D0C4F1FB}
		{1B3F31E2-BF1E-48EE-A243-78C377BF3A05} = {2A10821C-21D6-4BF8-8284-ED8285838A8E}
		{EA39FB07-E78A-441F-82A3-52F239DC3999} = {484CB931-4DDA-42B4-84C7-7CB6D0C4F1FB}
		{40042E54-F77B-4153-A1DC-977F7D7CE31B} = {EA39FB07-E78A-441F-82A3-52F239DC3999}
	EndGlobalSection
	GlobalSection(ExtensibilityGlobals) = postSolution
		SolutionGuid = {9D9BCECE-B112-4247-B0B5-EB19FFAF8C55}
	EndGlobalSection
EndGlobal
